{
  "name": "real-tools",
  "version": "0.1.0",
  "lockfileVersion": 3,
  "requires": true,
  "packages": {
    "": {
      "name": "real-tools",
      "version": "0.1.0",
      "license": "MIT",
      "dependencies": {
        "node-file-dialog": "^1.0.3",
        "uglify-js": "^3.17.4"
      }
    },
    "node_modules/node-file-dialog": {
      "version": "1.0.3",
      "resolved": "https://registry.npmjs.org/node-file-dialog/-/node-file-dialog-1.0.3.tgz",
      "integrity": "sha512-hFOeuQHWk1f44jFI6LB7SxDWBRzN/RhLPTTn6PiD4qsRAwv7k5nWpmUbIpHkyIrJvM9Ekpwtz0dxF6zwYndK6g=="
    },
    "node_modules/uglify-js": {
      "version": "3.17.4",
      "resolved": "https://registry.npmjs.org/uglify-js/-/uglify-js-3.17.4.tgz",
      "integrity": "sha512-T9q82TJI9e/C1TAxYvfb16xO120tMVFZrGA3f9/P4424DNu6ypK103y0GPFVa17yotwSyZW5iYXgjYHkGrJW/g==",
      "bin": {
        "uglifyjs": "bin/uglifyjs"
      },
      "engines": {
        "node": ">=0.8.0"
      }
    }
  }
}
